// !$*UTF8*$!
{
	archiveVersion = 1;
	classes = {
	};
	objectVersion = 51;
	objects = {

/* Begin PBXBuildFile section */
		C8EB9378B68BE8F087A91E09 /* Pods_SalahAndDua.framework in Frameworks */ = {isa = PBXBuildFile; fileRef = D76F24636B3ED7F3059EC42F /* Pods_SalahAndDua.framework */; };
		CE3102D02448E532006D964C /* 110_Besmellah_Normal.ttf in Resources */ = {isa = PBXBuildFile; fileRef = CE3102CF2448E024006D964C /* 110_Besmellah_Normal.ttf */; };
		CE3102D22448E539006D964C /* Scheherazade-Regular.ttf in Resources */ = {isa = PBXBuildFile; fileRef = CE3102CE2448CE91006D964C /* Scheherazade-Regular.ttf */; };
		CE441771244127B700B2E378 /* Extension+Util.swift in Sources */ = {isa = PBXBuildFile; fileRef = CE441770244127B700B2E378 /* Extension+Util.swift */; };
		CE4DEC4624420669000E517E /* MyUserDefault.swift in Sources */ = {isa = PBXBuildFile; fileRef = CE4DEC4524420669000E517E /* MyUserDefault.swift */; };
		CE51CF0E243DF7090085D84E /* ApiService.swift in Sources */ = {isa = PBXBuildFile; fileRef = CE51CF0D243DF7090085D84E /* ApiService.swift */; };
		CE633A972440CED700E94566 /* LLSpinner.swift in Sources */ = {isa = PBXBuildFile; fileRef = CE633A962440CED700E94566 /* LLSpinner.swift */; };
		CE633A9B2440EFA000E94566 /* Util.swift in Sources */ = {isa = PBXBuildFile; fileRef = CE633A9A2440EFA000E94566 /* Util.swift */; };
		CE6A061A243E318C0059E8DC /* Calendar.swift in Sources */ = {isa = PBXBuildFile; fileRef = CE6A0619243E318C0059E8DC /* Calendar.swift */; };
		CE7F49A724437B5F00850489 /* FormatTabController.swift in Sources */ = {isa = PBXBuildFile; fileRef = CE7F49A624437B5F00850489 /* FormatTabController.swift */; };
		CE87A29D243F9A2700374B6C /* DbHelper.swift in Sources */ = {isa = PBXBuildFile; fileRef = CE87A29C243F9A2700374B6C /* DbHelper.swift */; };
		CE8F2C282445F4CF00927C6A /* Dua.storyboard in Resources */ = {isa = PBXBuildFile; fileRef = CE8F2C272445F4CF00927C6A /* Dua.storyboard */; };
		CE8F2C2A2445FC4900927C6A /* DuaVC.swift in Sources */ = {isa = PBXBuildFile; fileRef = CE8F2C292445FC4900927C6A /* DuaVC.swift */; };
		CE8F2C2C24462F0000927C6A /* DuaTableViewCell.swift in Sources */ = {isa = PBXBuildFile; fileRef = CE8F2C2B24462F0000927C6A /* DuaTableViewCell.swift */; };
		CE8F2C2E2446317600927C6A /* Dua.swift in Sources */ = {isa = PBXBuildFile; fileRef = CE8F2C2D2446317600927C6A /* Dua.swift */; };
		CEB8382824472B8200CED038 /* DuaDetailsVC.swift in Sources */ = {isa = PBXBuildFile; fileRef = CEB8382724472B8200CED038 /* DuaDetailsVC.swift */; };
		CEE3EDE1243B8374006C1810 /* AppDelegate.swift in Sources */ = {isa = PBXBuildFile; fileRef = CEE3EDE0243B8374006C1810 /* AppDelegate.swift */; };
		CEE3EDE3243B8374006C1810 /* SceneDelegate.swift in Sources */ = {isa = PBXBuildFile; fileRef = CEE3EDE2243B8374006C1810 /* SceneDelegate.swift */; };
		CEE3EDEA243B8376006C1810 /* Assets.xcassets in Resources */ = {isa = PBXBuildFile; fileRef = CEE3EDE9243B8376006C1810 /* Assets.xcassets */; };
		CEE3EDED243B8376006C1810 /* LaunchScreen.storyboard in Resources */ = {isa = PBXBuildFile; fileRef = CEE3EDEB243B8376006C1810 /* LaunchScreen.storyboard */; };
		CEE9D01124434A5F00641291 /* LocationService.swift in Sources */ = {isa = PBXBuildFile; fileRef = CEE9D01024434A5F00641291 /* LocationService.swift */; };
		CEE9D01724434D1200641291 /* Location.storyboard in Resources */ = {isa = PBXBuildFile; fileRef = CEE9D01624434D1200641291 /* Location.storyboard */; };
		CEE9D01924434D2F00641291 /* LocationVC.swift in Sources */ = {isa = PBXBuildFile; fileRef = CEE9D01824434D2F00641291 /* LocationVC.swift */; };
		CEF7D95E243B8C8700F8E3A2 /* HomeVC.swift in Sources */ = {isa = PBXBuildFile; fileRef = CEF7D95D243B8C8700F8E3A2 /* HomeVC.swift */; };
		CEF7D960243B8D0900F8E3A2 /* Home.storyboard in Resources */ = {isa = PBXBuildFile; fileRef = CEF7D95F243B8D0900F8E3A2 /* Home.storyboard */; };
/* End PBXBuildFile section */

/* Begin PBXFileReference section */
		CE3102CE2448CE91006D964C /* Scheherazade-Regular.ttf */ = {isa = PBXFileReference; lastKnownFileType = file; path = "Scheherazade-Regular.ttf"; sourceTree = "<group>"; };
		CE3102CF2448E024006D964C /* 110_Besmellah_Normal.ttf */ = {isa = PBXFileReference; lastKnownFileType = file; path = 110_Besmellah_Normal.ttf; sourceTree = "<group>"; };
		CE3102D42448E6EC006D964C /* KFGQPC Uthmanic Script HAFS Regular.otf */ = {isa = PBXFileReference; lastKnownFileType = file; path = "KFGQPC Uthmanic Script HAFS Regular.otf"; sourceTree = "<group>"; };
		CE3102D52448E7DC006D964C /* Amiri-BoldItalic.ttf */ = {isa = PBXFileReference; lastKnownFileType = file; path = "Amiri-BoldItalic.ttf"; sourceTree = "<group>"; };
		CE3102D62448E7DC006D964C /* Amiri-Bold.ttf */ = {isa = PBXFileReference; lastKnownFileType = file; path = "Amiri-Bold.ttf"; sourceTree = "<group>"; };
		CE3102D72448E7DC006D964C /* Amiri-Italic.ttf */ = {isa = PBXFileReference; lastKnownFileType = file; path = "Amiri-Italic.ttf"; sourceTree = "<group>"; };
		CE3102D82448E7DC006D964C /* Amiri-Regular.ttf */ = {isa = PBXFileReference; lastKnownFileType = file; path = "Amiri-Regular.ttf"; sourceTree = "<group>"; };
		CE441770244127B700B2E378 /* Extension+Util.swift */ = {isa = PBXFileReference; lastKnownFileType = sourcecode.swift; path = "Extension+Util.swift"; sourceTree = "<group>"; };
		CE4DEC4524420669000E517E /* MyUserDefault.swift */ = {isa = PBXFileReference; lastKnownFileType = sourcecode.swift; path = MyUserDefault.swift; sourceTree = "<group>"; };
		CE51CF0D243DF7090085D84E /* ApiService.swift */ = {isa = PBXFileReference; lastKnownFileType = sourcecode.swift; path = ApiService.swift; sourceTree = "<group>"; };
		CE633A962440CED700E94566 /* LLSpinner.swift */ = {isa = PBXFileReference; fileEncoding = 4; lastKnownFileType = sourcecode.swift; path = LLSpinner.swift; sourceTree = "<group>"; };
		CE633A9A2440EFA000E94566 /* Util.swift */ = {isa = PBXFileReference; lastKnownFileType = sourcecode.swift; path = Util.swift; sourceTree = "<group>"; };
		CE6A0619243E318C0059E8DC /* Calendar.swift */ = {isa = PBXFileReference; lastKnownFileType = sourcecode.swift; path = Calendar.swift; sourceTree = "<group>"; };
		CE7F49A624437B5F00850489 /* FormatTabController.swift */ = {isa = PBXFileReference; lastKnownFileType = sourcecode.swift; path = FormatTabController.swift; sourceTree = "<group>"; };
		CE87A29C243F9A2700374B6C /* DbHelper.swift */ = {isa = PBXFileReference; lastKnownFileType = sourcecode.swift; path = DbHelper.swift; sourceTree = "<group>"; };
		CE8F2C272445F4CF00927C6A /* Dua.storyboard */ = {isa = PBXFileReference; lastKnownFileType = file.storyboard; path = Dua.storyboard; sourceTree = "<group>"; };
		CE8F2C292445FC4900927C6A /* DuaVC.swift */ = {isa = PBXFileReference; lastKnownFileType = sourcecode.swift; path = DuaVC.swift; sourceTree = "<group>"; };
		CE8F2C2B24462F0000927C6A /* DuaTableViewCell.swift */ = {isa = PBXFileReference; lastKnownFileType = sourcecode.swift; path = DuaTableViewCell.swift; sourceTree = "<group>"; };
		CE8F2C2D2446317600927C6A /* Dua.swift */ = {isa = PBXFileReference; lastKnownFileType = sourcecode.swift; path = Dua.swift; sourceTree = "<group>"; };
		CEB8382724472B8200CED038 /* DuaDetailsVC.swift */ = {isa = PBXFileReference; lastKnownFileType = sourcecode.swift; path = DuaDetailsVC.swift; sourceTree = "<group>"; };
		CEE3EDDD243B8374006C1810 /* SalahAndDua.app */ = {isa = PBXFileReference; explicitFileType = wrapper.application; includeInIndex = 0; path = SalahAndDua.app; sourceTree = BUILT_PRODUCTS_DIR; };
		CEE3EDE0243B8374006C1810 /* AppDelegate.swift */ = {isa = PBXFileReference; lastKnownFileType = sourcecode.swift; path = AppDelegate.swift; sourceTree = "<group>"; };
		CEE3EDE2243B8374006C1810 /* SceneDelegate.swift */ = {isa = PBXFileReference; lastKnownFileType = sourcecode.swift; path = SceneDelegate.swift; sourceTree = "<group>"; };
		CEE3EDE9243B8376006C1810 /* Assets.xcassets */ = {isa = PBXFileReference; lastKnownFileType = folder.assetcatalog; path = Assets.xcassets; sourceTree = "<group>"; };
		CEE3EDEC243B8376006C1810 /* Base */ = {isa = PBXFileReference; lastKnownFileType = file.storyboard; name = Base; path = Base.lproj/LaunchScreen.storyboard; sourceTree = "<group>"; };
		CEE3EDEE243B8376006C1810 /* Info.plist */ = {isa = PBXFileReference; lastKnownFileType = text.plist.xml; path = Info.plist; sourceTree = "<group>"; };
		CEE9D01024434A5F00641291 /* LocationService.swift */ = {isa = PBXFileReference; fileEncoding = 4; lastKnownFileType = sourcecode.swift; path = LocationService.swift; sourceTree = "<group>"; };
		CEE9D01624434D1200641291 /* Location.storyboard */ = {isa = PBXFileReference; lastKnownFileType = file.storyboard; path = Location.storyboard; sourceTree = "<group>"; };
		CEE9D01824434D2F00641291 /* LocationVC.swift */ = {isa = PBXFileReference; lastKnownFileType = sourcecode.swift; path = LocationVC.swift; sourceTree = "<group>"; };
		CEF7D95D243B8C8700F8E3A2 /* HomeVC.swift */ = {isa = PBXFileReference; lastKnownFileType = sourcecode.swift; path = HomeVC.swift; sourceTree = "<group>"; };
		CEF7D95F243B8D0900F8E3A2 /* Home.storyboard */ = {isa = PBXFileReference; lastKnownFileType = file.storyboard; path = Home.storyboard; sourceTree = "<group>"; };
		D28ABE3F007FE95A2296E4C7 /* Pods-SalahAndDua.release.xcconfig */ = {isa = PBXFileReference; includeInIndex = 1; lastKnownFileType = text.xcconfig; name = "Pods-SalahAndDua.release.xcconfig"; path = "Target Support Files/Pods-SalahAndDua/Pods-SalahAndDua.release.xcconfig"; sourceTree = "<group>"; };
		D76F24636B3ED7F3059EC42F /* Pods_SalahAndDua.framework */ = {isa = PBXFileReference; explicitFileType = wrapper.framework; includeInIndex = 0; path = Pods_SalahAndDua.framework; sourceTree = BUILT_PRODUCTS_DIR; };
		D94FF574C01EE63C25C36557 /* Pods-SalahAndDua.debug.xcconfig */ = {isa = PBXFileReference; includeInIndex = 1; lastKnownFileType = text.xcconfig; name = "Pods-SalahAndDua.debug.xcconfig"; path = "Target Support Files/Pods-SalahAndDua/Pods-SalahAndDua.debug.xcconfig"; sourceTree = "<group>"; };
/* End PBXFileReference section */

/* Begin PBXFrameworksBuildPhase section */
		CEE3EDDA243B8374006C1810 /* Frameworks */ = {
			isa = PBXFrameworksBuildPhase;
			buildActionMask = 2147483647;
			files = (
				C8EB9378B68BE8F087A91E09 /* Pods_SalahAndDua.framework in Frameworks */,
			);
			runOnlyForDeploymentPostprocessing = 0;
		};
/* End PBXFrameworksBuildPhase section */

/* Begin PBXGroup section */
		CE1E96632440C5FA00858C97 /* Data */ = {
			isa = PBXGroup;
			children = (
				CE87A29C243F9A2700374B6C /* DbHelper.swift */,
				CE4DEC4524420669000E517E /* MyUserDefault.swift */,
			);
			path = Data;
			sourceTree = "<group>";
		};
		CE3102CC2448CD5C006D964C /* fonts */ = {
			isa = PBXGroup;
			children = (
				CE3102CF2448E024006D964C /* 110_Besmellah_Normal.ttf */,
				CE3102D42448E6EC006D964C /* KFGQPC Uthmanic Script HAFS Regular.otf */,
				CE3102CE2448CE91006D964C /* Scheherazade-Regular.ttf */,
				CE3102D62448E7DC006D964C /* Amiri-Bold.ttf */,
				CE3102D52448E7DC006D964C /* Amiri-BoldItalic.ttf */,
				CE3102D72448E7DC006D964C /* Amiri-Italic.ttf */,
				CE3102D82448E7DC006D964C /* Amiri-Regular.ttf */,
			);
			path = fonts;
			sourceTree = "<group>";
		};
		CE44176C2441266900B2E378 /* Extensions */ = {
			isa = PBXGroup;
			children = (
				CE441770244127B700B2E378 /* Extension+Util.swift */,
			);
			path = Extensions;
			sourceTree = "<group>";
		};
		CE87A295243F768800374B6C /* Shared */ = {
			isa = PBXGroup;
			children = (
				CE44176C2441266900B2E378 /* Extensions */,
				CE1E96632440C5FA00858C97 /* Data */,
				CE87A299243F76EC00374B6C /* Library */,
				CE87A298243F76E700374B6C /* Constant */,
				CE87A296243F76B000374B6C /* Helper */,
			);
			path = Shared;
			sourceTree = "<group>";
		};
		CE87A296243F76B000374B6C /* Helper */ = {
			isa = PBXGroup;
			children = (
				CEE9D01024434A5F00641291 /* LocationService.swift */,
				CE633A9A2440EFA000E94566 /* Util.swift */,
			);
			path = Helper;
			sourceTree = "<group>";
		};
		CE87A298243F76E700374B6C /* Constant */ = {
			isa = PBXGroup;
			children = (
			);
			path = Constant;
			sourceTree = "<group>";
		};
		CE87A299243F76EC00374B6C /* Library */ = {
			isa = PBXGroup;
			children = (
				CE633A962440CED700E94566 /* LLSpinner.swift */,
			);
			path = Library;
			sourceTree = "<group>";
		};
		CE8F2C232445F46600927C6A /* Dua */ = {
			isa = PBXGroup;
			children = (
				CE8F2C262445F49600927C6A /* Model */,
				CE8F2C242445F47400927C6A /* View */,
				CE8F2C252445F49000927C6A /* Controller */,
			);
			path = Dua;
			sourceTree = "<group>";
		};
		CE8F2C242445F47400927C6A /* View */ = {
			isa = PBXGroup;
			children = (
				CE8F2C272445F4CF00927C6A /* Dua.storyboard */,
				CE8F2C2B24462F0000927C6A /* DuaTableViewCell.swift */,
			);
			path = View;
			sourceTree = "<group>";
		};
		CE8F2C252445F49000927C6A /* Controller */ = {
			isa = PBXGroup;
			children = (
				CE8F2C292445FC4900927C6A /* DuaVC.swift */,
				CEB8382724472B8200CED038 /* DuaDetailsVC.swift */,
			);
			path = Controller;
			sourceTree = "<group>";
		};
		CE8F2C262445F49600927C6A /* Model */ = {
			isa = PBXGroup;
			children = (
				CE8F2C2D2446317600927C6A /* Dua.swift */,
			);
			path = Model;
			sourceTree = "<group>";
		};
		CEE3EDD4243B8374006C1810 = {
			isa = PBXGroup;
			children = (
				CEE3EDDF243B8374006C1810 /* SalahAndDua */,
				CEE3EDDE243B8374006C1810 /* Products */,
				E2D21D1AE6B6D4CEFF1E9837 /* Pods */,
				F637734700013D25F1BCE6C1 /* Frameworks */,
			);
			sourceTree = "<group>";
		};
		CEE3EDDE243B8374006C1810 /* Products */ = {
			isa = PBXGroup;
			children = (
				CEE3EDDD243B8374006C1810 /* SalahAndDua.app */,
			);
			name = Products;
			sourceTree = "<group>";
		};
		CEE3EDDF243B8374006C1810 /* SalahAndDua */ = {
			isa = PBXGroup;
			children = (
				CE3102CC2448CD5C006D964C /* fonts */,
				CE87A295243F768800374B6C /* Shared */,
				CE51CF0D243DF7090085D84E /* ApiService.swift */,
				CEE3EDF4243B847F006C1810 /* Features */,
				CEF7D95B243B8A7F00F8E3A2 /* App */,
				CEE3EDE9243B8376006C1810 /* Assets.xcassets */,
				CEE3EDEB243B8376006C1810 /* LaunchScreen.storyboard */,
				CEE3EDEE243B8376006C1810 /* Info.plist */,
			);
			path = SalahAndDua;
			sourceTree = "<group>";
		};
		CEE3EDF4243B847F006C1810 /* Features */ = {
			isa = PBXGroup;
			children = (
				CE8F2C232445F46600927C6A /* Dua */,
				CEE9D01224434CD200641291 /* LocationPermission */,
				CEF7D958243B89C300F8E3A2 /* Home */,
				CE7F49A624437B5F00850489 /* FormatTabController.swift */,
			);
			path = Features;
			sourceTree = "<group>";
		};
		CEE9D01224434CD200641291 /* LocationPermission */ = {
			isa = PBXGroup;
			children = (
				CEE9D01324434CE400641291 /* Model */,
				CEE9D01424434CEB00641291 /* View */,
				CEE9D01524434CF700641291 /* Controller */,
			);
			path = LocationPermission;
			sourceTree = "<group>";
		};
		CEE9D01324434CE400641291 /* Model */ = {
			isa = PBXGroup;
			children = (
			);
			path = Model;
			sourceTree = "<group>";
		};
		CEE9D01424434CEB00641291 /* View */ = {
			isa = PBXGroup;
			children = (
				CEE9D01624434D1200641291 /* Location.storyboard */,
			);
			path = View;
			sourceTree = "<group>";
		};
		CEE9D01524434CF700641291 /* Controller */ = {
			isa = PBXGroup;
			children = (
				CEE9D01824434D2F00641291 /* LocationVC.swift */,
			);
			path = Controller;
			sourceTree = "<group>";
		};
		CEF7D958243B89C300F8E3A2 /* Home */ = {
			isa = PBXGroup;
			children = (
				CEF7D95A243B89D300F8E3A2 /* Model */,
				CEF7D959243B89CC00F8E3A2 /* View */,
				CEF7D95C243B8C1F00F8E3A2 /* Controller */,
			);
			path = Home;
			sourceTree = "<group>";
		};
		CEF7D959243B89CC00F8E3A2 /* View */ = {
			isa = PBXGroup;
			children = (
				CEF7D95F243B8D0900F8E3A2 /* Home.storyboard */,
			);
			path = View;
			sourceTree = "<group>";
		};
		CEF7D95A243B89D300F8E3A2 /* Model */ = {
			isa = PBXGroup;
			children = (
				CE6A0619243E318C0059E8DC /* Calendar.swift */,
			);
			path = Model;
			sourceTree = "<group>";
		};
		CEF7D95B243B8A7F00F8E3A2 /* App */ = {
			isa = PBXGroup;
			children = (
				CEE3EDE0243B8374006C1810 /* AppDelegate.swift */,
				CEE3EDE2243B8374006C1810 /* SceneDelegate.swift */,
			);
			path = App;
			sourceTree = "<group>";
		};
		CEF7D95C243B8C1F00F8E3A2 /* Controller */ = {
			isa = PBXGroup;
			children = (
				CEF7D95D243B8C8700F8E3A2 /* HomeVC.swift */,
			);
			path = Controller;
			sourceTree = "<group>";
		};
		E2D21D1AE6B6D4CEFF1E9837 /* Pods */ = {
			isa = PBXGroup;
			children = (
				D94FF574C01EE63C25C36557 /* Pods-SalahAndDua.debug.xcconfig */,
				D28ABE3F007FE95A2296E4C7 /* Pods-SalahAndDua.release.xcconfig */,
			);
			path = Pods;
			sourceTree = "<group>";
		};
		F637734700013D25F1BCE6C1 /* Frameworks */ = {
			isa = PBXGroup;
			children = (
				D76F24636B3ED7F3059EC42F /* Pods_SalahAndDua.framework */,
			);
			name = Frameworks;
			sourceTree = "<group>";
		};
/* End PBXGroup section */

/* Begin PBXNativeTarget section */
		CEE3EDDC243B8374006C1810 /* SalahAndDua */ = {
			isa = PBXNativeTarget;
			buildConfigurationList = CEE3EDF1243B8376006C1810 /* Build configuration list for PBXNativeTarget "SalahAndDua" */;
			buildPhases = (
				B6846193457F01A177A7CE00 /* [CP] Check Pods Manifest.lock */,
				CEE3EDD9243B8374006C1810 /* Sources */,
				CEE3EDDA243B8374006C1810 /* Frameworks */,
				CEE3EDDB243B8374006C1810 /* Resources */,
				E505D13B93E7D5899E32126D /* [CP] Embed Pods Frameworks */,
			);
			buildRules = (
			);
			dependencies = (
			);
			name = SalahAndDua;
			productName = SalahAndDua;
			productReference = CEE3EDDD243B8374006C1810 /* SalahAndDua.app */;
			productType = "com.apple.product-type.application";
		};
/* End PBXNativeTarget section */

/* Begin PBXProject section */
		CEE3EDD5243B8374006C1810 /* Project object */ = {
			isa = PBXProject;
			attributes = {
				LastSwiftUpdateCheck = 1130;
				LastUpgradeCheck = 1130;
				ORGANIZATIONNAME = LastBlade;
				TargetAttributes = {
					CEE3EDDC243B8374006C1810 = {
						CreatedOnToolsVersion = 11.3.1;
					};
				};
			};
			buildConfigurationList = CEE3EDD8243B8374006C1810 /* Build configuration list for PBXProject "SalahAndDua" */;
			compatibilityVersion = "Xcode 9.3";
			developmentRegion = en;
			hasScannedForEncodings = 0;
			knownRegions = (
				en,
				Base,
			);
			mainGroup = CEE3EDD4243B8374006C1810;
			productRefGroup = CEE3EDDE243B8374006C1810 /* Products */;
			projectDirPath = "";
			projectRoot = "";
			targets = (
				CEE3EDDC243B8374006C1810 /* SalahAndDua */,
			);
		};
/* End PBXProject section */

/* Begin PBXResourcesBuildPhase section */
		CEE3EDDB243B8374006C1810 /* Resources */ = {
			isa = PBXResourcesBuildPhase;
			buildActionMask = 2147483647;
			files = (
				CE3102D02448E532006D964C /* 110_Besmellah_Normal.ttf in Resources */,
				CEF7D960243B8D0900F8E3A2 /* Home.storyboard in Resources */,
				CE3102D22448E539006D964C /* Scheherazade-Regular.ttf in Resources */,
				CEE3EDED243B8376006C1810 /* LaunchScreen.storyboard in Resources */,
				CEE3EDEA243B8376006C1810 /* Assets.xcassets in Resources */,
				CE8F2C282445F4CF00927C6A /* Dua.storyboard in Resources */,
				CEE9D01724434D1200641291 /* Location.storyboard in Resources */,
			);
			runOnlyForDeploymentPostprocessing = 0;
		};
/* End PBXResourcesBuildPhase section */

/* Begin PBXShellScriptBuildPhase section */
		B6846193457F01A177A7CE00 /* [CP] Check Pods Manifest.lock */ = {
			isa = PBXShellScriptBuildPhase;
			buildActionMask = 2147483647;
			files = (
			);
			inputFileListPaths = (
			);
			inputPaths = (
				"${PODS_PODFILE_DIR_PATH}/Podfile.lock",
				"${PODS_ROOT}/Manifest.lock",
			);
			name = "[CP] Check Pods Manifest.lock";
			outputFileListPaths = (
			);
			outputPaths = (
				"$(DERIVED_FILE_DIR)/Pods-SalahAndDua-checkManifestLockResult.txt",
			);
			runOnlyForDeploymentPostprocessing = 0;
			shellPath = /bin/sh;
			shellScript = "diff \"${PODS_PODFILE_DIR_PATH}/Podfile.lock\" \"${PODS_ROOT}/Manifest.lock\" > /dev/null\nif [ $? != 0 ] ; then\n    # print error to STDERR\n    echo \"error: The sandbox is not in sync with the Podfile.lock. Run 'pod install' or update your CocoaPods installation.\" >&2\n    exit 1\nfi\n# This output is used by Xcode 'outputs' to avoid re-running this script phase.\necho \"SUCCESS\" > \"${SCRIPT_OUTPUT_FILE_0}\"\n";
			showEnvVarsInLog = 0;
		};
		E505D13B93E7D5899E32126D /* [CP] Embed Pods Frameworks */ = {
			isa = PBXShellScriptBuildPhase;
			buildActionMask = 2147483647;
			files = (
			);
			inputFileListPaths = (
				"${PODS_ROOT}/Target Support Files/Pods-SalahAndDua/Pods-SalahAndDua-frameworks-${CONFIGURATION}-input-files.xcfilelist",
			);
			name = "[CP] Embed Pods Frameworks";
			outputFileListPaths = (
				"${PODS_ROOT}/Target Support Files/Pods-SalahAndDua/Pods-SalahAndDua-frameworks-${CONFIGURATION}-output-files.xcfilelist",
			);
			runOnlyForDeploymentPostprocessing = 0;
			shellPath = /bin/sh;
			shellScript = "\"${PODS_ROOT}/Target Support Files/Pods-SalahAndDua/Pods-SalahAndDua-frameworks.sh\"\n";
			showEnvVarsInLog = 0;
		};
/* End PBXShellScriptBuildPhase section */

/* Begin PBXSourcesBuildPhase section */
		CEE3EDD9243B8374006C1810 /* Sources */ = {
			isa = PBXSourcesBuildPhase;
			buildActionMask = 2147483647;
			files = (
				CEF7D95E243B8C8700F8E3A2 /* HomeVC.swift in Sources */,
				CEB8382824472B8200CED038 /* DuaDetailsVC.swift in Sources */,
				CE633A972440CED700E94566 /* LLSpinner.swift in Sources */,
				CEE3EDE1243B8374006C1810 /* AppDelegate.swift in Sources */,
				CE8F2C2A2445FC4900927C6A /* DuaVC.swift in Sources */,
				CE633A9B2440EFA000E94566 /* Util.swift in Sources */,
				CE51CF0E243DF7090085D84E /* ApiService.swift in Sources */,
				CEE9D01924434D2F00641291 /* LocationVC.swift in Sources */,
				CE87A29D243F9A2700374B6C /* DbHelper.swift in Sources */,
				CE7F49A724437B5F00850489 /* FormatTabController.swift in Sources */,
				CEE9D01124434A5F00641291 /* LocationService.swift in Sources */,
				CE4DEC4624420669000E517E /* MyUserDefault.swift in Sources */,
				CEE3EDE3243B8374006C1810 /* SceneDelegate.swift in Sources */,
				CE8F2C2C24462F0000927C6A /* DuaTableViewCell.swift in Sources */,
				CE6A061A243E318C0059E8DC /* Calendar.swift in Sources */,
				CE8F2C2E2446317600927C6A /* Dua.swift in Sources */,
				CE441771244127B700B2E378 /* Extension+Util.swift in Sources */,
			);
			runOnlyForDeploymentPostprocessing = 0;
		};
/* End PBXSourcesBuildPhase section */

/* Begin PBXVariantGroup section */
		CEE3EDEB243B8376006C1810 /* LaunchScreen.storyboard */ = {
			isa = PBXVariantGroup;
			children = (
				CEE3EDEC243B8376006C1810 /* Base */,
			);
			name = LaunchScreen.storyboard;
			sourceTree = "<group>";
		};
/* End PBXVariantGroup section */

/* Begin XCBuildConfiguration section */
		CEE3EDEF243B8376006C1810 /* Debug */ = {
			isa = XCBuildConfiguration;
			buildSettings = {
				ALWAYS_SEARCH_USER_PATHS = NO;
				CLANG_ANALYZER_NONNULL = YES;
				CLANG_ANALYZER_NUMBER_OBJECT_CONVERSION = YES_AGGRESSIVE;
				CLANG_CXX_LANGUAGE_STANDARD = "gnu++14";
				CLANG_CXX_LIBRARY = "libc++";
				CLANG_ENABLE_MODULES = YES;
				CLANG_ENABLE_OBJC_ARC = YES;
				CLANG_ENABLE_OBJC_WEAK = YES;
				CLANG_WARN_BLOCK_CAPTURE_AUTORELEASING = YES;
				CLANG_WARN_BOOL_CONVERSION = YES;
				CLANG_WARN_COMMA = YES;
				CLANG_WARN_CONSTANT_CONVERSION = YES;
				CLANG_WARN_DEPRECATED_OBJC_IMPLEMENTATIONS = YES;
				CLANG_WARN_DIRECT_OBJC_ISA_USAGE = YES_ERROR;
				CLANG_WARN_DOCUMENTATION_COMMENTS = YES;
				CLANG_WARN_EMPTY_BODY = YES;
				CLANG_WARN_ENUM_CONVERSION = YES;
				CLANG_WARN_INFINITE_RECURSION = YES;
				CLANG_WARN_INT_CONVERSION = YES;
				CLANG_WARN_NON_LITERAL_NULL_CONVERSION = YES;
				CLANG_WARN_OBJC_IMPLICIT_RETAIN_SELF = YES;
				CLANG_WARN_OBJC_LITERAL_CONVERSION = YES;
				CLANG_WARN_OBJC_ROOT_CLASS = YES_ERROR;
				CLANG_WARN_RANGE_LOOP_ANALYSIS = YES;
				CLANG_WARN_STRICT_PROTOTYPES = YES;
				CLANG_WARN_SUSPICIOUS_MOVE = YES;
				CLANG_WARN_UNGUARDED_AVAILABILITY = YES_AGGRESSIVE;
				CLANG_WARN_UNREACHABLE_CODE = YES;
				CLANG_WARN__DUPLICATE_METHOD_MATCH = YES;
				COPY_PHASE_STRIP = NO;
				DEBUG_INFORMATION_FORMAT = dwarf;
				ENABLE_STRICT_OBJC_MSGSEND = YES;
				ENABLE_TESTABILITY = YES;
				GCC_C_LANGUAGE_STANDARD = gnu11;
				GCC_DYNAMIC_NO_PIC = NO;
				GCC_NO_COMMON_BLOCKS = YES;
				GCC_OPTIMIZATION_LEVEL = 0;
				GCC_PREPROCESSOR_DEFINITIONS = (
					"DEBUG=1",
					"$(inherited)",
				);
				GCC_WARN_64_TO_32_BIT_CONVERSION = YES;
				GCC_WARN_ABOUT_RETURN_TYPE = YES_ERROR;
				GCC_WARN_UNDECLARED_SELECTOR = YES;
				GCC_WARN_UNINITIALIZED_AUTOS = YES_AGGRESSIVE;
				GCC_WARN_UNUSED_FUNCTION = YES;
				GCC_WARN_UNUSED_VARIABLE = YES;
				IPHONEOS_DEPLOYMENT_TARGET = 13.2;
				MTL_ENABLE_DEBUG_INFO = INCLUDE_SOURCE;
				MTL_FAST_MATH = YES;
				ONLY_ACTIVE_ARCH = YES;
				SDKROOT = iphoneos;
				SWIFT_ACTIVE_COMPILATION_CONDITIONS = DEBUG;
				SWIFT_OPTIMIZATION_LEVEL = "-Onone";
			};
			name = Debug;
		};
		CEE3EDF0243B8376006C1810 /* Release */ = {
			isa = XCBuildConfiguration;
			buildSettings = {
				ALWAYS_SEARCH_USER_PATHS = NO;
				CLANG_ANALYZER_NONNULL = YES;
				CLANG_ANALYZER_NUMBER_OBJECT_CONVERSION = YES_AGGRESSIVE;
				CLANG_CXX_LANGUAGE_STANDARD = "gnu++14";
				CLANG_CXX_LIBRARY = "libc++";
				CLANG_ENABLE_MODULES = YES;
				CLANG_ENABLE_OBJC_ARC = YES;
				CLANG_ENABLE_OBJC_WEAK = YES;
				CLANG_WARN_BLOCK_CAPTURE_AUTORELEASING = YES;
				CLANG_WARN_BOOL_CONVERSION = YES;
				CLANG_WARN_COMMA = YES;
				CLANG_WARN_CONSTANT_CONVERSION = YES;
				CLANG_WARN_DEPRECATED_OBJC_IMPLEMENTATIONS = YES;
				CLANG_WARN_DIRECT_OBJC_ISA_USAGE = YES_ERROR;
				CLANG_WARN_DOCUMENTATION_COMMENTS = YES;
				CLANG_WARN_EMPTY_BODY = YES;
				CLANG_WARN_ENUM_CONVERSION = YES;
				CLANG_WARN_INFINITE_RECURSION = YES;
				CLANG_WARN_INT_CONVERSION = YES;
				CLANG_WARN_NON_LITERAL_NULL_CONVERSION = YES;
				CLANG_WARN_OBJC_IMPLICIT_RETAIN_SELF = YES;
				CLANG_WARN_OBJC_LITERAL_CONVERSION = YES;
				CLANG_WARN_OBJC_ROOT_CLASS = YES_ERROR;
				CLANG_WARN_RANGE_LOOP_ANALYSIS = YES;
				CLANG_WARN_STRICT_PROTOTYPES = YES;
				CLANG_WARN_SUSPICIOUS_MOVE = YES;
				CLANG_WARN_UNGUARDED_AVAILABILITY = YES_AGGRESSIVE;
				CLANG_WARN_UNREACHABLE_CODE = YES;
				CLANG_WARN__DUPLICATE_METHOD_MATCH = YES;
				COPY_PHASE_STRIP = NO;
				DEBUG_INFORMATION_FORMAT = "dwarf-with-dsym";
				ENABLE_NS_ASSERTIONS = NO;
				ENABLE_STRICT_OBJC_MSGSEND = YES;
				GCC_C_LANGUAGE_STANDARD = gnu11;
				GCC_NO_COMMON_BLOCKS = YES;
				GCC_WARN_64_TO_32_BIT_CONVERSION = YES;
				GCC_WARN_ABOUT_RETURN_TYPE = YES_ERROR;
				GCC_WARN_UNDECLARED_SELECTOR = YES;
				GCC_WARN_UNINITIALIZED_AUTOS = YES_AGGRESSIVE;
				GCC_WARN_UNUSED_FUNCTION = YES;
				GCC_WARN_UNUSED_VARIABLE = YES;
				IPHONEOS_DEPLOYMENT_TARGET = 13.2;
				MTL_ENABLE_DEBUG_INFO = NO;
				MTL_FAST_MATH = YES;
				SDKROOT = iphoneos;
				SWIFT_COMPILATION_MODE = wholemodule;
				SWIFT_OPTIMIZATION_LEVEL = "-O";
				VALIDATE_PRODUCT = YES;
			};
			name = Release;
		};
		CEE3EDF2243B8376006C1810 /* Debug */ = {
			isa = XCBuildConfiguration;
			baseConfigurationReference = D94FF574C01EE63C25C36557 /* Pods-SalahAndDua.debug.xcconfig */;
			buildSettings = {
				ASSETCATALOG_COMPILER_APPICON_NAME = AppIcon;
				CODE_SIGN_IDENTITY = "Apple Development";
				CODE_SIGN_STYLE = Manual;
				DEVELOPMENT_TEAM = "";
				INFOPLIST_FILE = SalahAndDua/Info.plist;
				IPHONEOS_DEPLOYMENT_TARGET = 13.2;
				LD_RUNPATH_SEARCH_PATHS = (
					"$(inherited)",
					"@executable_path/Frameworks",
				);
				PRODUCT_BUNDLE_IDENTIFIER = com.shaoniiuc.SalahAndDua;
				PRODUCT_NAME = "$(TARGET_NAME)";
				PROVISIONING_PROFILE_SPECIFIER = "";
				SWIFT_VERSION = 5.0;
				TARGETED_DEVICE_FAMILY = 1;
			};
			name = Debug;
		};
		CEE3EDF3243B8376006C1810 /* Release */ = {
			isa = XCBuildConfiguration;
			baseConfigurationReference = D28ABE3F007FE95A2296E4C7 /* Pods-SalahAndDua.release.xcconfig */;
			buildSettings = {
				ASSETCATALOG_COMPILER_APPICON_NAME = AppIcon;
				CODE_SIGN_IDENTITY = "Apple Development";
				CODE_SIGN_STYLE = Automatic;
				DEVELOPMENT_TEAM = "";
				INFOPLIST_FILE = SalahAndDua/Info.plist;
				IPHONEOS_DEPLOYMENT_TARGET = 13.2;
				LD_RUNPATH_SEARCH_PATHS = (
					"$(inherited)",
					"@executable_path/Frameworks",
				);
				PRODUCT_BUNDLE_IDENTIFIER = com.shaoniiuc.SalahAndDua;
				PRODUCT_NAME = "$(TARGET_NAME)";
				PROVISIONING_PROFILE_SPECIFIER = "";
				SWIFT_VERSION = 5.0;
				TARGETED_DEVICE_FAMILY = 1;
			};
			name = Release;
		};
/* End XCBuildConfiguration section */

/* Begin XCConfigurationList section */
		CEE3EDD8243B8374006C1810 /* Build configuration list for PBXProject "SalahAndDua" */ = {
			isa = XCConfigurationList;
			buildConfigurations = (
				CEE3EDEF243B8376006C1810 /* Debug */,
				CEE3EDF0243B8376006C1810 /* Release */,
			);
			defaultConfigurationIsVisible = 0;
			defaultConfigurationName = Release;
		};
		CEE3EDF1243B8376006C1810 /* Build configuration list for PBXNativeTarget "SalahAndDua" */ = {
			isa = XCConfigurationList;
			buildConfigurations = (
				CEE3EDF2243B8376006C1810 /* Debug */,
				CEE3EDF3243B8376006C1810 /* Release */,
			);
			defaultConfigurationIsVisible = 0;
			defaultConfigurationName = Release;
		};
/* End XCConfigurationList section */
	};
	rootObject = CEE3EDD5243B8374006C1810 /* Project object */;
}
